
Microsoft Visual Studio Solution File, Format Version 12.00
# Visual Studio 2013
VisualStudioVersion = 12.0.30723.0
MinimumVisualStudioVersion = 10.0.40219.1
Project("{FAE04EC0-301F-11D3-BF4B-00C04F79EFBC}") = "WebApplication1", "WebApplication1\WebApplication1.csproj", "{616D9430-C75B-42E6-B7C1-76677026D09A}"
EndProject
Project("{2150E333-8FDC-42A3-9474-1A3956D46DE8}") = "PublishScripts", "PublishScripts", "{E84BE194-EE6D-47F5-A711-7DF51CE23B8A}"
	ProjectSection(SolutionItems) = preProject
		PublishScripts\AzureWebsitePublishModule.psm1 = PublishScripts\AzureWebsitePublishModule.psm1
		PublishScripts\Publish-WebApplicationWebsite.ps1 = PublishScripts\Publish-WebApplicationWebsite.ps1
	EndProjectSection
EndProject
Project("{2150E333-8FDC-42A3-9474-1A3956D46DE8}") = "Configurations", "Configurations", "{AAEF7DB0-89EA-428F-BEF2-EF901605694B}"
	ProjectSection(SolutionItems) = preProject
		PublishScripts\Configurations\WebApplication1-WAWS-dev.json = PublishScripts\Configurations\WebApplication1-WAWS-dev.json
	EndProjectSection
EndProject
Project("{FAE04EC0-301F-11D3-BF4B-00C04F79EFBC}") = "WebJob1", "WebJob1\WebJob1.csproj", "{19435504-67C8-4A19-B69C-4425D1DE3C80}"
EndProject
Global
	GlobalSection(SolutionConfigurationPlatforms) = preSolution
		Debug|Any CPU = Debug|Any CPU
		Release|Any CPU = Release|Any CPU
	EndGlobalSection
	GlobalSection(ProjectConfigurationPlatforms) = postSolution
		{616D9430-C75B-42E6-B7C1-76677026D09A}.Debug|Any CPU.ActiveCfg = Debug|Any CPU
		{616D9430-C75B-42E6-B7C1-76677026D09A}.Debug|Any CPU.Build.0 = Debug|Any CPU
		{616D9430-C75B-42E6-B7C1-76677026D09A}.Release|Any CPU.ActiveCfg = Release|Any CPU
		{616D9430-C75B-42E6-B7C1-76677026D09A}.Release|Any CPU.Build.0 = Release|Any CPU
		{19435504-67C8-4A19-B69C-4425D1DE3C80}.Debug|Any CPU.ActiveCfg = Debug|Any CPU
		{19435504-67C8-4A19-B69C-4425D1DE3C80}.Debug|Any CPU.Build.0 = Debug|Any CPU
		{19435504-67C8-4A19-B69C-4425D1DE3C80}.Release|Any CPU.ActiveCfg = Release|Any CPU
		{19435504-67C8-4A19-B69C-4425D1DE3C80}.Release|Any CPU.Build.0 = Release|Any CPU
	EndGlobalSection
	GlobalSection(SolutionProperties) = preSolution
		HideSolutionNode = FALSE
	EndGlobalSection
	GlobalSection(NestedProjects) = preSolution
		{AAEF7DB0-89EA-428F-BEF2-EF901605694B} = {E84BE194-EE6D-47F5-A711-7DF51CE23B8A}
	EndGlobalSection
EndGlobal
